<?xml version="1.0" encoding="utf-8"?>
<Project ToolsVersion="4.0" xmlns="http://schemas.microsoft.com/developer/msbuild/2003">
  <ItemGroup>
    <Filter Include="Source Files">
      <UniqueIdentifier>{4FC737F1-C7A5-4376-A066-2A32D752A2FF}</UniqueIdentifier>
      <Extensions>cpp;c;cc;cxx;c++;cppm;ixx;def;odl;idl;hpj;bat;asm;asmx</Extensions>
    </Filter>
    <Filter Include="Header Files">
      <UniqueIdentifier>{93995380-89BD-4b04-88EB-625FBE52EBFB}</UniqueIdentifier>
      <Extensions>h;hh;hpp;hxx;h++;hm;inl;inc;ipp;xsd</Extensions>
    </Filter>
    <Filter Include="Resource Files">
      <UniqueIdentifier>{67DA6AB6-F800-4c08-8B7A-83BB121AAD01}</UniqueIdentifier>
      <Extensions>rc;ico;cur;bmp;dlg;rc2;rct;bin;rgs;gif;jpg;jpeg;jpe;resx;tiff;tif;png;wav;mfcribbon-ms</Extensions>
    </Filter>
    <Filter Include="Header Files\Screens">
      <UniqueIdentifier>{38663ac7-d521-4468-9965-5280ada8beec}</UniqueIdentifier>
    </Filter>
    <Filter Include="Source Files\Screens">
      <UniqueIdentifier>{725d6bd4-2577-46f0-a3fe-9a911cda32ce}</UniqueIdentifier>
    </Filter>
    <Filter Include="Source Files\Screens\HelpScreen">
      <UniqueIdentifier>{3ccecd3f-a405-444b-87a4-beb721f175ca}</UniqueIdentifier>
    </Filter>
    <Filter Include="Header Files\Misc">
      <UniqueIdentifier>{b3c90d31-3ba9-4393-be32-8b2b8cc155b1}</UniqueIdentifier>
    </Filter>
    <Filter Include="Header Files\LevelLoader">
      <UniqueIdentifier>{829ac85b-4f24-49db-8874-1f9686cd1d2c}</UniqueIdentifier>
    </Filter>
    <Filter Include="Source Files\LevelLoader">
      <UniqueIdentifier>{9dbcfc8c-b7bc-4b42-8781-b46599502a0f}</UniqueIdentifier>
    </Filter>
    <Filter Include="Source Files\LevelLoader\Tiled">
      <UniqueIdentifier>{204fa313-c4ce-4fe5-8030-25572e1e5a24}</UniqueIdentifier>
    </Filter>
    <Filter Include="Header Files\LevelLoader\Tiled">
      <UniqueIdentifier>{3af56a32-7d09-40a3-a6ed-6a35c43f6ec5}</UniqueIdentifier>
    </Filter>
    <Filter Include="Header Files\LevelLoader\Tiled\Data">
      <UniqueIdentifier>{cc865ce4-2117-48a7-a37b-417191ba9e31}</UniqueIdentifier>
    </Filter>
    <Filter Include="Header Files\LevelLoader\Levels">
      <UniqueIdentifier>{b341d2a5-23d5-4b08-8d1f-84b7b83ec989}</UniqueIdentifier>
    </Filter>
    <Filter Include="Source Files\LevelLoader\Levels">
      <UniqueIdentifier>{0dad9f2b-8764-4f5e-844a-82211abfbdca}</UniqueIdentifier>
    </Filter>
    <Filter Include="Source Files\Screens\LevelEnd">
      <UniqueIdentifier>{4493590e-5cc9-4877-9cdc-5ce5d0427542}</UniqueIdentifier>
    </Filter>
    <Filter Include="Header Files\Screens\HelpScreen">
      <UniqueIdentifier>{9ee0a660-f6fa-461e-9e0c-e0c66e4c65bc}</UniqueIdentifier>
    </Filter>
    <Filter Include="Header Files\Screens\LevelEnd">
      <UniqueIdentifier>{1e13ab3d-d670-4f57-9672-5a66559dd9ea}</UniqueIdentifier>
    </Filter>
    <Filter Include="Header Files\Misc\SaveGame">
      <UniqueIdentifier>{2ee07bc4-c0b8-414b-91af-ce39ac6d4647}</UniqueIdentifier>
    </Filter>
    <Filter Include="Source Files\Misc">
      <UniqueIdentifier>{f1f3764a-90cf-4825-a6dc-2eea39de6acc}</UniqueIdentifier>
    </Filter>
  </ItemGroup>
  <ItemGroup>
    <ClCompile Include="main.cpp">
      <Filter>Source Files</Filter>
    </ClCompile>
    <ClCompile Include="Game.cpp">
      <Filter>Source Files</Filter>
    </ClCompile>
    <ClCompile Include="CreditsScreen.cpp">
      <Filter>Source Files\Screens</Filter>
    </ClCompile>
    <ClCompile Include="GameScreen.cpp">
      <Filter>Source Files\Screens</Filter>
    </ClCompile>
    <ClCompile Include="MainMenuScreen.cpp">
      <Filter>Source Files\Screens</Filter>
    </ClCompile>
    <ClCompile Include="PauseScreen.cpp">
      <Filter>Source Files\Screens</Filter>
    </ClCompile>
    <ClCompile Include="HelpScreen.cpp">
      <Filter>Source Files\Screens\HelpScreen</Filter>
    </ClCompile>
    <ClCompile Include="KeyBindingsHelpScreen.cpp">
      <Filter>Source Files\Screens\HelpScreen</Filter>
    </ClCompile>
    <ClCompile Include="HighscoreScreen.cpp">
      <Filter>Source Files\Screens</Filter>
    </ClCompile>
    <ClCompile Include="AbstractLevelLoader.cpp">
      <Filter>Source Files\LevelLoader</Filter>
    </ClCompile>
    <ClCompile Include="TiledLevelLoader.cpp">
      <Filter>Source Files\LevelLoader</Filter>
    </ClCompile>
    <ClCompile Include="DefaultLevelLoader.cpp">
      <Filter>Source Files\LevelLoader</Filter>
    </ClCompile>
    <ClCompile Include="TiledMapBuilder.cpp">
      <Filter>Source Files\LevelLoader\Tiled</Filter>
    </ClCompile>
    <ClCompile Include="DefaultLevel.cpp">
      <Filter>Source Files\LevelLoader\Levels</Filter>
    </ClCompile>
    <ClCompile Include="AbstractLevel.cpp">
      <Filter>Source Files\LevelLoader\Levels</Filter>
    </ClCompile>
    <ClCompile Include="DefaultTiledLevel.cpp">
      <Filter>Source Files\LevelLoader\Levels</Filter>
    </ClCompile>
    <ClCompile Include="GameOverScreen.cpp">
      <Filter>Source Files\Screens\LevelEnd</Filter>
    </ClCompile>
    <ClCompile Include="GameFinishedScreen.cpp">
      <Filter>Source Files\Screens\LevelEnd</Filter>
    </ClCompile>
    <ClCompile Include="SettingsScreen.cpp">
      <Filter>Source Files\Screens</Filter>
    </ClCompile>
    <ClCompile Include="LoadCustomlevelScreen.cpp">
      <Filter>Source Files\Screens</Filter>
    </ClCompile>
    <ClCompile Include="GameSettings.cpp">
      <Filter>Source Files\Misc</Filter>
    </ClCompile>
    <ClCompile Include="LoadingScreen.cpp">
      <Filter>Source Files\Screens</Filter>
    </ClCompile>
    <ClCompile Include="Quotes.cpp">
      <Filter>Source Files\Misc</Filter>
    </ClCompile>
    <ClCompile Include="PlayerMoves.cpp">
      <Filter>Source Files\Misc</Filter>
    </ClCompile>
  </ItemGroup>
  <ItemGroup>
    <ClInclude Include="Game.h">
      <Filter>Header Files</Filter>
    </ClInclude>
    <ClInclude Include="main.h">
      <Filter>Header Files</Filter>
    </ClInclude>
    <ClInclude Include="MainMenuScreen.h">
      <Filter>Header Files\Screens</Filter>
    </ClInclude>
    <ClInclude Include="PauseScreen.h">
      <Filter>Header Files\Screens</Filter>
    </ClInclude>
    <ClInclude Include="GameScreen.h">
      <Filter>Header Files\Screens</Filter>
    </ClInclude>
    <ClInclude Include="CreditsScreen.h">
      <Filter>Header Files\Screens</Filter>
    </ClInclude>
    <ClInclude Include="KeyBindingsHelpScreen.h">
      <Filter>Header Files\Screens\HelpScreen</Filter>
    </ClInclude>
    <ClInclude Include="HelpScreen.h">
      <Filter>Header Files\Screens\HelpScreen</Filter>
    </ClInclude>
    <ClInclude Include="Screens.h">
      <Filter>Header Files\Misc</Filter>
    </ClInclude>
    <ClInclude Include="HighscoreScreen.h">
      <Filter>Header Files\Screens</Filter>
    </ClInclude>
    <ClInclude Include="AbstractLevelLoader.h">
      <Filter>Header Files\LevelLoader</Filter>
    </ClInclude>
    <ClInclude Include="TiledLevelLoader.h">
      <Filter>Header Files\LevelLoader</Filter>
    </ClInclude>
    <ClInclude Include="DefaultLevelLoader.h">
      <Filter>Header Files\LevelLoader</Filter>
    </ClInclude>
    <ClInclude Include="PlayerMoves.h">
      <Filter>Header Files\Misc</Filter>
    </ClInclude>
    <ClInclude Include="json.h">
      <Filter>Header Files</Filter>
    </ClInclude>
    <ClInclude Include="TiledMapBuilder.h">
      <Filter>Header Files\LevelLoader\Tiled</Filter>
    </ClInclude>
    <ClInclude Include="TiledLevel.h">
      <Filter>Header Files\LevelLoader\Tiled\Data</Filter>
    </ClInclude>
    <ClInclude Include="TiledLayer.h">
      <Filter>Header Files\LevelLoader\Tiled\Data</Filter>
    </ClInclude>
    <ClInclude Include="TiledTileSet.h">
      <Filter>Header Files\LevelLoader\Tiled\Data</Filter>
    </ClInclude>
    <ClInclude Include="TiledGrid.h">
      <Filter>Header Files\LevelLoader\Tiled\Data</Filter>
    </ClInclude>
    <ClInclude Include="TiledTile.h">
      <Filter>Header Files\LevelLoader\Tiled\Data</Filter>
    </ClInclude>
    <ClInclude Include="TiledGameObject.h">
      <Filter>Header Files\LevelLoader\Tiled\Data</Filter>
    </ClInclude>
    <ClInclude Include="DefaultLevel.h">
      <Filter>Header Files\LevelLoader\Levels</Filter>
    </ClInclude>
    <ClInclude Include="AbstractLevel.h">
      <Filter>Header Files\LevelLoader\Levels</Filter>
    </ClInclude>
    <ClInclude Include="DefaultTiledLevel.h">
      <Filter>Header Files\LevelLoader\Levels</Filter>
    </ClInclude>
    <ClInclude Include="TiledProperty.h">
      <Filter>Header Files\LevelLoader\Tiled\Data</Filter>
    </ClInclude>
    <ClInclude Include="TiledObject.h">
      <Filter>Header Files\LevelLoader\Tiled\Data</Filter>
    </ClInclude>
    <ClInclude Include="GameOverScreen.h">
      <Filter>Header Files\Screens\LevelEnd</Filter>
    </ClInclude>
    <ClInclude Include="GameFinishedScreen.h">
      <Filter>Header Files\Screens\LevelEnd</Filter>
    </ClInclude>
    <ClInclude Include="SettingsScreen.h">
      <Filter>Header Files\Screens</Filter>
    </ClInclude>
    <ClInclude Include="LoadCustomlevelScreen.h">
      <Filter>Header Files\Screens</Filter>
    </ClInclude>
    <ClInclude Include="SaveGame.h">
      <Filter>Header Files\Misc\SaveGame</Filter>
    </ClInclude>
    <ClInclude Include="SaveLevel.h">
      <Filter>Header Files\Misc\SaveGame</Filter>
    </ClInclude>
    <ClInclude Include="SaveSettings.h">
      <Filter>Header Files\Misc\SaveGame</Filter>
    </ClInclude>
    <ClInclude Include="SaveHighscore.h">
      <Filter>Header Files\Misc\SaveGame</Filter>
    </ClInclude>
    <ClInclude Include="GameSettings.h">
      <Filter>Header Files\Misc</Filter>
    </ClInclude>
    <ClInclude Include="LevelData.h">
      <Filter>Header Files\Misc</Filter>
    </ClInclude>
    <ClInclude Include="LoadingScreen.h">
      <Filter>Header Files\Screens</Filter>
    </ClInclude>
    <ClInclude Include="Quotes.h">
      <Filter>Header Files\Misc</Filter>
    </ClInclude>
  </ItemGroup>
</Project>